
Microsoft Visual Studio Solution File, Format Version 12.00
# Visual Studio Version 16
VisualStudioVersion = 16.0.31005.135
MinimumVisualStudioVersion = 10.0.40219.1
Project("{FAE04EC0-301F-11D3-BF4B-00C04F79EFBC}") = "Marvin Tabelle zu xml", "Marvin Tabelle zu xml.csproj", "{D448AC96-BE06-4766-877D-3A5BFAD4AF95}"
EndProject
Global
	GlobalSection(SolutionConfigurationPlatforms) = preSolution
		Debug|Any CPU = Debug|Any CPU
		Release|Any CPU = Release|Any CPU
	EndGlobalSection
	GlobalSection(ProjectConfigurationPlatforms) = postSolution
		{D448AC96-BE06-4766-877D-3A5BFAD4AF95}.Debug|Any CPU.ActiveCfg = Debug|Any CPU
		{D448AC96-BE06-4766-877D-3A5BFAD4AF95}.Debug|Any CPU.Build.0 = Debug|Any CPU
		{D448AC96-BE06-4766-877D-3A5BFAD4AF95}.Release|Any CPU.ActiveCfg = Release|Any CPU
		{D448AC96-BE06-4766-877D-3A5BFAD4AF95}.Release|Any CPU.Build.0 = Release|Any CPU
	EndGlobalSection
	GlobalSection(SolutionProperties) = preSolution
		HideSolutionNode = FALSE
	EndGlobalSection
	GlobalSection(ExtensibilityGlobals) = postSolution
		SolutionGuid = {96835787-422B-48F9-9895-1EF04269327F}
	EndGlobalSection
EndGlobal
